{
  "version": 4,
  "terraform_version": "1.1.9",
  "serial": 197,
  "lineage": "c4212355-ab09-597b-0d09-8225ad6424e2",
  "outputs": {
    "base_url": {
      "value": "https://o8crk98988.execute-api.us-east-1.amazonaws.com/serverless_lambda_stage",
      "type": "string"
    },
    "function_name": {
      "value": "ContactForm",
      "type": "string"
    },
    "lambda_bucket_name": {
      "value": "learn-terraform-functions-accurately-secondly-suitable-fly",
      "type": "string"
    }
  },
  "resources": [
    {
      "mode": "data",
      "type": "archive_file",
      "name": "lambda_sendgrid",
      "provider": "provider[\"registry.terraform.io/hashicorp/archive\"]",
      "instances": [
        {
          "schema_version": 0,
          "attributes": {
            "excludes": null,
            "id": "9cfda2a92e52552ffe9613a804dbf6a2b0d08b9e",
            "output_base64sha256": "tpNIb0Dv9oaf5TeeNzhMRubOlaFW+B+0SsP4t8Xq1zw=",
            "output_file_mode": null,
            "output_md5": "dc6a229eb305e94d7251f57d9edd9632",
            "output_path": "./sendgrid.zip",
            "output_sha": "9cfda2a92e52552ffe9613a804dbf6a2b0d08b9e",
            "output_size": 9525876,
            "source": [],
            "source_content": null,
            "source_content_filename": null,
            "source_dir": "./sendgrid",
            "source_file": null,
            "type": "zip"
          },
          "sensitive_attributes": []
        }
      ]
    },
    {
      "mode": "managed",
      "type": "aws_apigatewayv2_api",
      "name": "lambda",
      "provider": "provider[\"registry.terraform.io/hashicorp/aws\"]",
      "instances": [
        {
          "schema_version": 0,
          "attributes": {
            "api_endpoint": "https://o8crk98988.execute-api.us-east-1.amazonaws.com",
            "api_key_selection_expression": "$request.header.x-api-key",
            "arn": "arn:aws:apigateway:us-east-1::/apis/o8crk98988",
            "body": null,
            "cors_configuration": [],
            "credentials_arn": null,
            "description": "",
            "disable_execute_api_endpoint": false,
            "execution_arn": "arn:aws:execute-api:us-east-1:107515985857:o8crk98988",
            "fail_on_warnings": null,
            "id": "o8crk98988",
            "name": "serverless_lambda_gw",
            "protocol_type": "HTTP",
            "route_key": null,
            "route_selection_expression": "$request.method $request.path",
            "tags": {},
            "tags_all": {},
            "target": null,
            "version": ""
          },
          "sensitive_attributes": [],
          "private": "bnVsbA=="
        }
      ]
    },
    {
      "mode": "managed",
      "type": "aws_apigatewayv2_integration",
      "name": "contact_form",
      "provider": "provider[\"registry.terraform.io/hashicorp/aws\"]",
      "instances": [
        {
          "schema_version": 0,
          "attributes": {
            "api_id": "o8crk98988",
            "connection_id": "",
            "connection_type": "INTERNET",
            "content_handling_strategy": "",
            "credentials_arn": "",
            "description": "",
            "id": "bzyalii",
            "integration_method": "POST",
            "integration_response_selection_expression": "",
            "integration_subtype": "",
            "integration_type": "AWS_PROXY",
            "integration_uri": "arn:aws:apigateway:us-east-1:lambda:path/2015-03-31/functions/arn:aws:lambda:us-east-1:107515985857:function:ContactForm/invocations",
            "passthrough_behavior": "",
            "payload_format_version": "1.0",
            "request_parameters": {},
            "request_templates": {},
            "response_parameters": [],
            "template_selection_expression": "",
            "timeout_milliseconds": 30000,
            "tls_config": []
          },
          "sensitive_attributes": [],
          "private": "bnVsbA==",
          "dependencies": [
            "aws_apigatewayv2_api.lambda",
            "aws_iam_role.lambda_exec",
            "aws_lambda_function.contact_form",
            "aws_s3_bucket.lambda_bucket",
            "aws_s3_object.lambda_sendgrid",
            "data.archive_file.lambda_sendgrid",
            "random_pet.lambda_bucket_name"
          ]
        }
      ]
    },
    {
      "mode": "managed",
      "type": "aws_apigatewayv2_route",
      "name": "contact_form",
      "provider": "provider[\"registry.terraform.io/hashicorp/aws\"]",
      "instances": [
        {
          "schema_version": 0,
          "attributes": {
            "api_id": "o8crk98988",
            "api_key_required": false,
            "authorization_scopes": [],
            "authorization_type": "NONE",
            "authorizer_id": "",
            "id": "prl0t2t",
            "model_selection_expression": "",
            "operation_name": "",
            "request_models": {},
            "request_parameter": [],
            "route_key": "POST /sendgrid",
            "route_response_selection_expression": "",
            "target": "integrations/bzyalii"
          },
          "sensitive_attributes": [],
          "private": "bnVsbA==",
          "dependencies": [
            "aws_apigatewayv2_api.lambda",
            "aws_apigatewayv2_integration.contact_form",
            "aws_iam_role.lambda_exec",
            "aws_lambda_function.contact_form",
            "aws_s3_bucket.lambda_bucket",
            "aws_s3_object.lambda_sendgrid",
            "data.archive_file.lambda_sendgrid",
            "random_pet.lambda_bucket_name"
          ]
        }
      ]
    },
    {
      "mode": "managed",
      "type": "aws_apigatewayv2_stage",
      "name": "lambda",
      "provider": "provider[\"registry.terraform.io/hashicorp/aws\"]",
      "instances": [
        {
          "schema_version": 0,
          "attributes": {
            "access_log_settings": [
              {
                "destination_arn": "arn:aws:logs:us-east-1:107515985857:log-group:/aws/api_gw/serverless_lambda_gw",
                "format": "{\"httpMethod\":\"$context.httpMethod\",\"integrationErrorMessage\":\"$context.integrationErrorMessage\",\"protocol\":\"$context.protocol\",\"requestId\":\"$context.requestId\",\"requestTime\":\"$context.requestTime\",\"resourcePath\":\"$context.resourcePath\",\"responseLength\":\"$context.responseLength\",\"routeKey\":\"$context.routeKey\",\"sourceIp\":\"$context.identity.sourceIp\",\"status\":\"$context.status\"}"
              }
            ],
            "api_id": "o8crk98988",
            "arn": "arn:aws:apigateway:us-east-1::/apis/o8crk98988/stages/serverless_lambda_stage",
            "auto_deploy": true,
            "client_certificate_id": "",
            "default_route_settings": [
              {
                "data_trace_enabled": false,
                "detailed_metrics_enabled": false,
                "logging_level": "",
                "throttling_burst_limit": 0,
                "throttling_rate_limit": 0
              }
            ],
            "deployment_id": "izdt58",
            "description": "",
            "execution_arn": "arn:aws:execute-api:us-east-1:107515985857:o8crk98988/serverless_lambda_stage",
            "id": "serverless_lambda_stage",
            "invoke_url": "https://o8crk98988.execute-api.us-east-1.amazonaws.com/serverless_lambda_stage",
            "name": "serverless_lambda_stage",
            "route_settings": [],
            "stage_variables": {},
            "tags": {},
            "tags_all": {}
          },
          "sensitive_attributes": [],
          "private": "bnVsbA==",
          "dependencies": [
            "aws_apigatewayv2_api.lambda",
            "aws_cloudwatch_log_group.api_gw"
          ]
        }
      ]
    },
    {
      "mode": "managed",
      "type": "aws_cloudwatch_log_group",
      "name": "api_gw",
      "provider": "provider[\"registry.terraform.io/hashicorp/aws\"]",
      "instances": [
        {
          "schema_version": 0,
          "attributes": {
            "arn": "arn:aws:logs:us-east-1:107515985857:log-group:/aws/api_gw/serverless_lambda_gw",
            "id": "/aws/api_gw/serverless_lambda_gw",
            "kms_key_id": "",
            "name": "/aws/api_gw/serverless_lambda_gw",
            "name_prefix": null,
            "retention_in_days": 30,
            "tags": {},
            "tags_all": {}
          },
          "sensitive_attributes": [],
          "private": "bnVsbA==",
          "dependencies": [
            "aws_apigatewayv2_api.lambda"
          ]
        }
      ]
    },
    {
      "mode": "managed",
      "type": "aws_cloudwatch_log_group",
      "name": "contact_form",
      "provider": "provider[\"registry.terraform.io/hashicorp/aws\"]",
      "instances": [
        {
          "schema_version": 0,
          "attributes": {
            "arn": "arn:aws:logs:us-east-1:107515985857:log-group:/aws/lambda/ContactForm",
            "id": "/aws/lambda/ContactForm",
            "kms_key_id": "",
            "name": "/aws/lambda/ContactForm",
            "name_prefix": null,
            "retention_in_days": 30,
            "tags": {},
            "tags_all": {}
          },
          "sensitive_attributes": [],
          "private": "bnVsbA==",
          "dependencies": [
            "aws_iam_role.lambda_exec",
            "aws_lambda_function.contact_form",
            "aws_s3_bucket.lambda_bucket",
            "aws_s3_object.lambda_sendgrid",
            "data.archive_file.lambda_sendgrid",
            "random_pet.lambda_bucket_name"
          ]
        }
      ]
    },
    {
      "mode": "managed",
      "type": "aws_iam_role",
      "name": "lambda_exec",
      "provider": "provider[\"registry.terraform.io/hashicorp/aws\"]",
      "instances": [
        {
          "schema_version": 0,
          "attributes": {
            "arn": "arn:aws:iam::107515985857:role/serverless_lambda",
            "assume_role_policy": "{\"Version\":\"2012-10-17\",\"Statement\":[{\"Sid\":\"\",\"Effect\":\"Allow\",\"Principal\":{\"Service\":\"lambda.amazonaws.com\"},\"Action\":\"sts:AssumeRole\"}]}",
            "create_date": "2022-05-17T20:42:12Z",
            "description": "",
            "force_detach_policies": false,
            "id": "serverless_lambda",
            "inline_policy": [
              {
                "name": "",
                "policy": ""
              }
            ],
            "managed_policy_arns": [
              "arn:aws:iam::aws:policy/service-role/AWSLambdaBasicExecutionRole"
            ],
            "max_session_duration": 3600,
            "name": "serverless_lambda",
            "name_prefix": "",
            "path": "/",
            "permissions_boundary": null,
            "tags": {},
            "tags_all": {},
            "unique_id": "AROARSCDTX7ASOEDN7ZXB"
          },
          "sensitive_attributes": [],
          "private": "bnVsbA=="
        }
      ]
    },
    {
      "mode": "managed",
      "type": "aws_iam_role_policy_attachment",
      "name": "lambda_policy",
      "provider": "provider[\"registry.terraform.io/hashicorp/aws\"]",
      "instances": [
        {
          "schema_version": 0,
          "attributes": {
            "id": "serverless_lambda-20220517204247520200000001",
            "policy_arn": "arn:aws:iam::aws:policy/service-role/AWSLambdaBasicExecutionRole",
            "role": "serverless_lambda"
          },
          "sensitive_attributes": [],
          "private": "bnVsbA==",
          "dependencies": [
            "aws_iam_role.lambda_exec"
          ]
        }
      ]
    },
    {
      "mode": "managed",
      "type": "aws_lambda_function",
      "name": "contact_form",
      "provider": "provider[\"registry.terraform.io/hashicorp/aws\"]",
      "instances": [
        {
          "schema_version": 0,
          "attributes": {
            "architectures": [
              "x86_64"
            ],
            "arn": "arn:aws:lambda:us-east-1:107515985857:function:ContactForm",
            "code_signing_config_arn": "",
            "dead_letter_config": [],
            "description": "",
            "environment": [],
            "file_system_config": [],
            "filename": null,
            "function_name": "ContactForm",
            "handler": "sendgrid.handler",
            "id": "ContactForm",
            "image_config": [],
            "image_uri": "",
            "invoke_arn": "arn:aws:apigateway:us-east-1:lambda:path/2015-03-31/functions/arn:aws:lambda:us-east-1:107515985857:function:ContactForm/invocations",
            "kms_key_arn": "",
            "last_modified": "2022-05-26T19:44:23.000+0000",
            "layers": [],
            "memory_size": 128,
            "package_type": "Zip",
            "publish": false,
            "qualified_arn": "arn:aws:lambda:us-east-1:107515985857:function:ContactForm:$LATEST",
            "reserved_concurrent_executions": -1,
            "role": "arn:aws:iam::107515985857:role/serverless_lambda",
            "runtime": "nodejs12.x",
            "s3_bucket": "learn-terraform-functions-accurately-secondly-suitable-fly",
            "s3_key": "sendgrid.zip",
            "s3_object_version": null,
            "signing_job_arn": "",
            "signing_profile_version_arn": "",
            "source_code_hash": "tpNIb0Dv9oaf5TeeNzhMRubOlaFW+B+0SsP4t8Xq1zw=",
            "source_code_size": 9525876,
            "tags": {},
            "tags_all": {},
            "timeout": 3,
            "timeouts": null,
            "tracing_config": [
              {
                "mode": "PassThrough"
              }
            ],
            "version": "$LATEST",
            "vpc_config": []
          },
          "sensitive_attributes": [],
          "private": "eyJlMmJmYjczMC1lY2FhLTExZTYtOGY4OC0zNDM2M2JjN2M0YzAiOnsiY3JlYXRlIjo2MDAwMDAwMDAwMDB9fQ==",
          "dependencies": [
            "aws_iam_role.lambda_exec",
            "aws_s3_bucket.lambda_bucket",
            "aws_s3_object.lambda_sendgrid",
            "data.archive_file.lambda_sendgrid"
          ]
        }
      ]
    },
    {
      "mode": "managed",
      "type": "aws_lambda_permission",
      "name": "api_gw",
      "provider": "provider[\"registry.terraform.io/hashicorp/aws\"]",
      "instances": [
        {
          "schema_version": 0,
          "attributes": {
            "action": "lambda:InvokeFunction",
            "event_source_token": null,
            "function_name": "ContactForm",
            "id": "AllowExecutionFromAPIGateway",
            "principal": "apigateway.amazonaws.com",
            "qualifier": "",
            "source_account": null,
            "source_arn": "arn:aws:execute-api:us-east-1:107515985857:o8crk98988/*/*",
            "statement_id": "AllowExecutionFromAPIGateway",
            "statement_id_prefix": null
          },
          "sensitive_attributes": [],
          "private": "bnVsbA==",
          "dependencies": [
            "aws_apigatewayv2_api.lambda",
            "aws_iam_role.lambda_exec",
            "aws_lambda_function.contact_form",
            "aws_s3_bucket.lambda_bucket",
            "aws_s3_object.lambda_sendgrid",
            "data.archive_file.lambda_sendgrid",
            "random_pet.lambda_bucket_name"
          ]
        }
      ]
    },
    {
      "mode": "managed",
      "type": "aws_s3_bucket",
      "name": "lambda_bucket",
      "provider": "provider[\"registry.terraform.io/hashicorp/aws\"]",
      "instances": [
        {
          "schema_version": 0,
          "attributes": {
            "acceleration_status": "",
            "acl": "private",
            "arn": "arn:aws:s3:::learn-terraform-functions-accurately-secondly-suitable-fly",
            "bucket": "learn-terraform-functions-accurately-secondly-suitable-fly",
            "bucket_domain_name": "learn-terraform-functions-accurately-secondly-suitable-fly.s3.amazonaws.com",
            "bucket_prefix": null,
            "bucket_regional_domain_name": "learn-terraform-functions-accurately-secondly-suitable-fly.s3.amazonaws.com",
            "cors_rule": [],
            "force_destroy": true,
            "grant": [],
            "hosted_zone_id": "Z3AQBSTGFYJSTF",
            "id": "learn-terraform-functions-accurately-secondly-suitable-fly",
            "lifecycle_rule": [],
            "logging": [],
            "object_lock_configuration": [],
            "policy": "",
            "region": "us-east-1",
            "replication_configuration": [],
            "request_payer": "BucketOwner",
            "server_side_encryption_configuration": [],
            "tags": {},
            "tags_all": {},
            "versioning": [
              {
                "enabled": false,
                "mfa_delete": false
              }
            ],
            "website": [],
            "website_domain": null,
            "website_endpoint": null
          },
          "sensitive_attributes": [],
          "private": "bnVsbA==",
          "dependencies": [
            "random_pet.lambda_bucket_name"
          ]
        }
      ]
    },
    {
      "mode": "managed",
      "type": "aws_s3_object",
      "name": "lambda_sendgrid",
      "provider": "provider[\"registry.terraform.io/hashicorp/aws\"]",
      "instances": [
        {
          "schema_version": 0,
          "attributes": {
            "acl": "private",
            "bucket": "learn-terraform-functions-accurately-secondly-suitable-fly",
            "bucket_key_enabled": false,
            "cache_control": "",
            "content": null,
            "content_base64": null,
            "content_disposition": "",
            "content_encoding": "",
            "content_language": "",
            "content_type": "binary/octet-stream",
            "etag": "8b82c0eb0a609f389a521eb2e3790c25-2",
            "force_destroy": false,
            "id": "sendgrid.zip",
            "key": "sendgrid.zip",
            "kms_key_id": null,
            "metadata": {},
            "object_lock_legal_hold_status": "",
            "object_lock_mode": "",
            "object_lock_retain_until_date": "",
            "server_side_encryption": "",
            "source": "./sendgrid.zip",
            "source_hash": null,
            "storage_class": "STANDARD",
            "tags": {},
            "tags_all": {},
            "version_id": "",
            "website_redirect": ""
          },
          "sensitive_attributes": [],
          "private": "bnVsbA==",
          "dependencies": [
            "aws_s3_bucket.lambda_bucket",
            "data.archive_file.lambda_sendgrid"
          ]
        }
      ]
    },
    {
      "mode": "managed",
      "type": "random_pet",
      "name": "lambda_bucket_name",
      "provider": "provider[\"registry.terraform.io/hashicorp/random\"]",
      "instances": [
        {
          "schema_version": 0,
          "attributes": {
            "id": "learn-terraform-functions-accurately-secondly-suitable-fly",
            "keepers": null,
            "length": 4,
            "prefix": "learn-terraform-functions",
            "separator": "-"
          },
          "sensitive_attributes": [],
          "private": "bnVsbA=="
        }
      ]
    }
  ]
}
